
Microsoft Visual Studio Solution File, Format Version 12.00
# Visual Studio Version 17
VisualStudioVersion = 17.0.31903.59
MinimumVisualStudioVersion = 10.0.40219.1
Project("{2150E333-8FDC-42A3-9474-1A3956D46DE8}") = "src", "src", "{30A7ED0B-3F2D-4DFF-91EE-7C1D748D1371}"
EndProject
Project("{2150E333-8FDC-42A3-9474-1A3956D46DE8}") = "backend", "backend", "{F9F88F35-F6A9-498F-BDB6-69DD27ACF725}"
EndProject
Project("{FAE04EC0-301F-11D3-BF4B-00C04F79EFBC}") = "Chat.Domain", "src\backend\Chat.Domain\Chat.Domain.csproj", "{FF1706FC-213E-465F-B898-4CE8A4E9A19B}"
EndProject
Project("{FAE04EC0-301F-11D3-BF4B-00C04F79EFBC}") = "Chat.Application", "src\backend\Chat.Application\Chat.Application.csproj", "{4D9BA32A-F468-48C7-9266-B554A152E5A8}"
EndProject
Project("{FAE04EC0-301F-11D3-BF4B-00C04F79EFBC}") = "Chat.Infrastructure", "src\backend\Chat.Infrastructure\Chat.Infrastructure.csproj", "{2ECB2873-B28C-4577-AA6F-E67270CC6103}"
EndProject
Project("{FAE04EC0-301F-11D3-BF4B-00C04F79EFBC}") = "Chat.Api", "src\backend\Chat.Api\Chat.Api.csproj", "{F24D4BDF-DB53-489D-AB60-35DC6994010B}"
EndProject
Project("{2150E333-8FDC-42A3-9474-1A3956D46DE8}") = "shared", "shared", "{FC81070B-6475-4EDF-A6B1-EC8EE91978D0}"
EndProject
Project("{FAE04EC0-301F-11D3-BF4B-00C04F79EFBC}") = "Chat.Common", "src\shared\Chat.Common\Chat.Common.csproj", "{479F08A6-A240-45EB-A2AF-C3F49582950F}"
EndProject
Project("{2150E333-8FDC-42A3-9474-1A3956D46DE8}") = "frontend", "frontend", "{E388DF72-270F-4CD8-B43A-DE39402CCEC5}"
EndProject
Project("{FAE04EC0-301F-11D3-BF4B-00C04F79EFBC}") = "Chat.Web", "src\frontend\Chat.Web\Chat.Web.csproj", "{20899DA2-67A4-4D18-9E87-445946A48373}"
EndProject
Project("{2150E333-8FDC-42A3-9474-1A3956D46DE8}") = "tests", "tests", "{2593DCDA-B3D3-44A0-BA5C-AF99B38C6C05}"
EndProject
Project("{FAE04EC0-301F-11D3-BF4B-00C04F79EFBC}") = "Chat.Application.UnitTests", "tests\Chat.Application.UnitTests\Chat.Application.UnitTests.csproj", "{5DC08C2C-E772-42E4-9F07-1751767ABCF4}"
EndProject
Global
	GlobalSection(SolutionConfigurationPlatforms) = preSolution
		Debug|Any CPU = Debug|Any CPU
		Release|Any CPU = Release|Any CPU
	EndGlobalSection
	GlobalSection(SolutionProperties) = preSolution
		HideSolutionNode = FALSE
	EndGlobalSection
	GlobalSection(ProjectConfigurationPlatforms) = postSolution
		{FF1706FC-213E-465F-B898-4CE8A4E9A19B}.Debug|Any CPU.ActiveCfg = Debug|Any CPU
		{FF1706FC-213E-465F-B898-4CE8A4E9A19B}.Debug|Any CPU.Build.0 = Debug|Any CPU
		{FF1706FC-213E-465F-B898-4CE8A4E9A19B}.Release|Any CPU.ActiveCfg = Release|Any CPU
		{FF1706FC-213E-465F-B898-4CE8A4E9A19B}.Release|Any CPU.Build.0 = Release|Any CPU
		{4D9BA32A-F468-48C7-9266-B554A152E5A8}.Debug|Any CPU.ActiveCfg = Debug|Any CPU
		{4D9BA32A-F468-48C7-9266-B554A152E5A8}.Debug|Any CPU.Build.0 = Debug|Any CPU
		{4D9BA32A-F468-48C7-9266-B554A152E5A8}.Release|Any CPU.ActiveCfg = Release|Any CPU
		{4D9BA32A-F468-48C7-9266-B554A152E5A8}.Release|Any CPU.Build.0 = Release|Any CPU
		{2ECB2873-B28C-4577-AA6F-E67270CC6103}.Debug|Any CPU.ActiveCfg = Debug|Any CPU
		{2ECB2873-B28C-4577-AA6F-E67270CC6103}.Debug|Any CPU.Build.0 = Debug|Any CPU
		{2ECB2873-B28C-4577-AA6F-E67270CC6103}.Release|Any CPU.ActiveCfg = Release|Any CPU
		{2ECB2873-B28C-4577-AA6F-E67270CC6103}.Release|Any CPU.Build.0 = Release|Any CPU
		{F24D4BDF-DB53-489D-AB60-35DC6994010B}.Debug|Any CPU.ActiveCfg = Debug|Any CPU
		{F24D4BDF-DB53-489D-AB60-35DC6994010B}.Debug|Any CPU.Build.0 = Debug|Any CPU
		{F24D4BDF-DB53-489D-AB60-35DC6994010B}.Release|Any CPU.ActiveCfg = Release|Any CPU
		{F24D4BDF-DB53-489D-AB60-35DC6994010B}.Release|Any CPU.Build.0 = Release|Any CPU
		{479F08A6-A240-45EB-A2AF-C3F49582950F}.Debug|Any CPU.ActiveCfg = Debug|Any CPU
		{479F08A6-A240-45EB-A2AF-C3F49582950F}.Debug|Any CPU.Build.0 = Debug|Any CPU
		{479F08A6-A240-45EB-A2AF-C3F49582950F}.Release|Any CPU.ActiveCfg = Release|Any CPU
		{479F08A6-A240-45EB-A2AF-C3F49582950F}.Release|Any CPU.Build.0 = Release|Any CPU
		{20899DA2-67A4-4D18-9E87-445946A48373}.Debug|Any CPU.ActiveCfg = Debug|Any CPU
		{20899DA2-67A4-4D18-9E87-445946A48373}.Debug|Any CPU.Build.0 = Debug|Any CPU
		{20899DA2-67A4-4D18-9E87-445946A48373}.Release|Any CPU.ActiveCfg = Release|Any CPU
		{20899DA2-67A4-4D18-9E87-445946A48373}.Release|Any CPU.Build.0 = Release|Any CPU
		{5DC08C2C-E772-42E4-9F07-1751767ABCF4}.Debug|Any CPU.ActiveCfg = Debug|Any CPU
		{5DC08C2C-E772-42E4-9F07-1751767ABCF4}.Debug|Any CPU.Build.0 = Debug|Any CPU
		{5DC08C2C-E772-42E4-9F07-1751767ABCF4}.Release|Any CPU.ActiveCfg = Release|Any CPU
		{5DC08C2C-E772-42E4-9F07-1751767ABCF4}.Release|Any CPU.Build.0 = Release|Any CPU
	EndGlobalSection
	GlobalSection(NestedProjects) = preSolution
		{F9F88F35-F6A9-498F-BDB6-69DD27ACF725} = {30A7ED0B-3F2D-4DFF-91EE-7C1D748D1371}
		{FF1706FC-213E-465F-B898-4CE8A4E9A19B} = {F9F88F35-F6A9-498F-BDB6-69DD27ACF725}
		{4D9BA32A-F468-48C7-9266-B554A152E5A8} = {F9F88F35-F6A9-498F-BDB6-69DD27ACF725}
		{2ECB2873-B28C-4577-AA6F-E67270CC6103} = {F9F88F35-F6A9-498F-BDB6-69DD27ACF725}
		{F24D4BDF-DB53-489D-AB60-35DC6994010B} = {F9F88F35-F6A9-498F-BDB6-69DD27ACF725}
		{FC81070B-6475-4EDF-A6B1-EC8EE91978D0} = {30A7ED0B-3F2D-4DFF-91EE-7C1D748D1371}
		{479F08A6-A240-45EB-A2AF-C3F49582950F} = {FC81070B-6475-4EDF-A6B1-EC8EE91978D0}
		{E388DF72-270F-4CD8-B43A-DE39402CCEC5} = {30A7ED0B-3F2D-4DFF-91EE-7C1D748D1371}
		{20899DA2-67A4-4D18-9E87-445946A48373} = {E388DF72-270F-4CD8-B43A-DE39402CCEC5}
		{5DC08C2C-E772-42E4-9F07-1751767ABCF4} = {2593DCDA-B3D3-44A0-BA5C-AF99B38C6C05}
	EndGlobalSection
EndGlobal
